{
  "originHash" : "b7a406d1842c2e9afe9e9e9e877fa27ec09d49c04c7250d7c48ac7607e79b610",
  "pins" : [
    {
      "identity" : "ably-cocoa",
      "kind" : "remoteSourceControl",
      "location" : "https://github.com/ably/ably-cocoa",
      "state" : {
        "revision" : "6239f6d5caacbff91e28e9a5c56f8a0f3cc1b662",
        "version" : "1.2.39"
      }
    },
    {
      "identity" : "delta-codec-cocoa",
      "kind" : "remoteSourceControl",
      "location" : "https://github.com/ably/delta-codec-cocoa",
      "state" : {
        "revision" : "3ee62ea40a63996b55818d44b3f0e56d8753be88",
        "version" : "1.3.3"
      }
    },
    {
      "identity" : "msgpack-objective-c",
      "kind" : "remoteSourceControl",
      "location" : "https://github.com/rvi/msgpack-objective-C",
      "state" : {
        "revision" : "3e36b48e04ecd756cb927bd5f5b9bf6d45e475f9",
        "version" : "0.4.0"
      }
    }
  ],
  "version" : 3
}
